
Microsoft Visual Studio Solution File, Format Version 12.00
# Visual Studio 15
VisualStudioVersion = 15.0.28010.2016
MinimumVisualStudioVersion = 10.0.40219.1
Project("{9A19103F-16F7-4668-BE54-9A1E7A4F7556}") = "ExpenseProcessingSystem", "ExpenseProcessingSystem\ExpenseProcessingSystem.csproj", "{1C18B71F-19B6-4DF7-8BEC-E90217AAF806}"
EndProject
Project("{FAE04EC0-301F-11D3-BF4B-00C04F79EFBC}") = "ExpenseProcessingSystem.Tests", "ExpenseProcessingSystem.Tests\ExpenseProcessingSystem.Tests.csproj", "{73FD4B5B-6A14-47C0-A7BD-51A77117DB63}"
EndProject
Global
	GlobalSection(SolutionConfigurationPlatforms) = preSolution
		Debug|Any CPU = Debug|Any CPU
		Release|Any CPU = Release|Any CPU
	EndGlobalSection
	GlobalSection(ProjectConfigurationPlatforms) = postSolution
		{1C18B71F-19B6-4DF7-8BEC-E90217AAF806}.Debug|Any CPU.ActiveCfg = Debug|Any CPU
		{1C18B71F-19B6-4DF7-8BEC-E90217AAF806}.Debug|Any CPU.Build.0 = Debug|Any CPU
		{1C18B71F-19B6-4DF7-8BEC-E90217AAF806}.Release|Any CPU.ActiveCfg = Release|Any CPU
		{1C18B71F-19B6-4DF7-8BEC-E90217AAF806}.Release|Any CPU.Build.0 = Release|Any CPU
		{73FD4B5B-6A14-47C0-A7BD-51A77117DB63}.Debug|Any CPU.ActiveCfg = Debug|Any CPU
		{73FD4B5B-6A14-47C0-A7BD-51A77117DB63}.Debug|Any CPU.Build.0 = Debug|Any CPU
		{73FD4B5B-6A14-47C0-A7BD-51A77117DB63}.Release|Any CPU.ActiveCfg = Release|Any CPU
		{73FD4B5B-6A14-47C0-A7BD-51A77117DB63}.Release|Any CPU.Build.0 = Release|Any CPU
	EndGlobalSection
	GlobalSection(SolutionProperties) = preSolution
		HideSolutionNode = FALSE
	EndGlobalSection
	GlobalSection(ExtensibilityGlobals) = postSolution
		SolutionGuid = {AEC745DC-FF56-4D63-9BD1-1E33A4F43048}
	EndGlobalSection
EndGlobal
